
Microsoft Visual Studio Solution File, Format Version 12.00
# Visual Studio Version 16
VisualStudioVersion = 16.0.29609.76
MinimumVisualStudioVersion = 10.0.40219.1
Project("{FAE04EC0-301F-11D3-BF4B-00C04F79EFBC}") = "TestProjectForm", "TestProjectForm\TestProjectForm.csproj", "{A8729771-CA92-452E-B3BD-392C3C96A563}"
	ProjectSection(ProjectDependencies) = postProject
		{B6676E65-B27F-40AC-AC84-8CC62F6A19D9} = {B6676E65-B27F-40AC-AC84-8CC62F6A19D9}
	EndProjectSection
EndProject
Project("{FAE04EC0-301F-11D3-BF4B-00C04F79EFBC}") = "ServerSide_WFA", "ServerSide_WFA\ServerSide_WFA.csproj", "{559FFC2F-6B66-4E1B-88CA-E89D467F0336}"
	ProjectSection(ProjectDependencies) = postProject
		{B6676E65-B27F-40AC-AC84-8CC62F6A19D9} = {B6676E65-B27F-40AC-AC84-8CC62F6A19D9}
	EndProjectSection
EndProject
Project("{FAE04EC0-301F-11D3-BF4B-00C04F79EFBC}") = "Communication_WFA", "Communication_WFA\Communication_WFA.csproj", "{B6676E65-B27F-40AC-AC84-8CC62F6A19D9}"
EndProject
Global
	GlobalSection(SolutionConfigurationPlatforms) = preSolution
		Debug|Any CPU = Debug|Any CPU
		Release|Any CPU = Release|Any CPU
	EndGlobalSection
	GlobalSection(ProjectConfigurationPlatforms) = postSolution
		{A8729771-CA92-452E-B3BD-392C3C96A563}.Debug|Any CPU.ActiveCfg = Debug|Any CPU
		{A8729771-CA92-452E-B3BD-392C3C96A563}.Debug|Any CPU.Build.0 = Debug|Any CPU
		{A8729771-CA92-452E-B3BD-392C3C96A563}.Release|Any CPU.ActiveCfg = Release|Any CPU
		{A8729771-CA92-452E-B3BD-392C3C96A563}.Release|Any CPU.Build.0 = Release|Any CPU
		{559FFC2F-6B66-4E1B-88CA-E89D467F0336}.Debug|Any CPU.ActiveCfg = Debug|Any CPU
		{559FFC2F-6B66-4E1B-88CA-E89D467F0336}.Debug|Any CPU.Build.0 = Debug|Any CPU
		{559FFC2F-6B66-4E1B-88CA-E89D467F0336}.Release|Any CPU.ActiveCfg = Release|Any CPU
		{559FFC2F-6B66-4E1B-88CA-E89D467F0336}.Release|Any CPU.Build.0 = Release|Any CPU
		{B6676E65-B27F-40AC-AC84-8CC62F6A19D9}.Debug|Any CPU.ActiveCfg = Debug|Any CPU
		{B6676E65-B27F-40AC-AC84-8CC62F6A19D9}.Debug|Any CPU.Build.0 = Debug|Any CPU
		{B6676E65-B27F-40AC-AC84-8CC62F6A19D9}.Release|Any CPU.ActiveCfg = Release|Any CPU
		{B6676E65-B27F-40AC-AC84-8CC62F6A19D9}.Release|Any CPU.Build.0 = Release|Any CPU
	EndGlobalSection
	GlobalSection(SolutionProperties) = preSolution
		HideSolutionNode = FALSE
	EndGlobalSection
	GlobalSection(ExtensibilityGlobals) = postSolution
		SolutionGuid = {6C0C1882-4950-4B68-9AEC-C6598ADE42AB}
	EndGlobalSection
EndGlobal
